
Microsoft Visual Studio Solution File, Format Version 12.00
# Visual Studio 15
Project("{FAE04EC0-301F-11D3-BF4B-00C04F79EFBC}") = "Assembly-CSharp", "Assembly-CSharp.csproj", "{083A277F-7F50-F708-3B4F-DD396326605D}"
EndProject
Project("{FAE04EC0-301F-11D3-BF4B-00C04F79EFBC}") = "Assembly-CSharp-Editor", "Assembly-CSharp-Editor.csproj", "{8D03AC73-2F7A-4225-9422-3F1A72E51C65}"
EndProject
Global
	GlobalSection(SolutionConfigurationPlatforms) = preSolution
		Debug|Any CPU = Debug|Any CPU
		Release|Any CPU = Release|Any CPU
	EndGlobalSection
	GlobalSection(ProjectConfigurationPlatforms) = postSolution
		{083A277F-7F50-F708-3B4F-DD396326605D}.Debug|Any CPU.ActiveCfg = Debug|Any CPU
		{083A277F-7F50-F708-3B4F-DD396326605D}.Debug|Any CPU.Build.0 = Debug|Any CPU
		{083A277F-7F50-F708-3B4F-DD396326605D}.Release|Any CPU.ActiveCfg = Release|Any CPU
		{083A277F-7F50-F708-3B4F-DD396326605D}.Release|Any CPU.Build.0 = Release|Any CPU
		{8D03AC73-2F7A-4225-9422-3F1A72E51C65}.Debug|Any CPU.ActiveCfg = Debug|Any CPU
		{8D03AC73-2F7A-4225-9422-3F1A72E51C65}.Debug|Any CPU.Build.0 = Debug|Any CPU
		{8D03AC73-2F7A-4225-9422-3F1A72E51C65}.Release|Any CPU.ActiveCfg = Release|Any CPU
		{8D03AC73-2F7A-4225-9422-3F1A72E51C65}.Release|Any CPU.Build.0 = Release|Any CPU
	EndGlobalSection
	GlobalSection(SolutionProperties) = preSolution
		HideSolutionNode = FALSE
	EndGlobalSection
EndGlobal
